// !$*UTF8*$!
{
	archiveVersion = 1;
	classes = {
	};
	objectVersion = 56;
	objects = {

/* Begin PBXBuildFile section */
		B5F624602AC2F6A0002A1896 /* AppDelegate.swift in Sources */ = {isa = PBXBuildFile; fileRef = B5F6245F2AC2F6A0002A1896 /* AppDelegate.swift */; };
		B5F624622AC2F6A0002A1896 /* SceneDelegate.swift in Sources */ = {isa = PBXBuildFile; fileRef = B5F624612AC2F6A0002A1896 /* SceneDelegate.swift */; };
		B5F624642AC2F6A0002A1896 /* SplashViewController.swift in Sources */ = {isa = PBXBuildFile; fileRef = B5F624632AC2F6A0002A1896 /* SplashViewController.swift */; };
		B5F624692AC2F6A1002A1896 /* Assets.xcassets in Resources */ = {isa = PBXBuildFile; fileRef = B5F624682AC2F6A1002A1896 /* Assets.xcassets */; };
		B5F6246C2AC2F6A1002A1896 /* LaunchScreen.storyboard in Resources */ = {isa = PBXBuildFile; fileRef = B5F6246A2AC2F6A1002A1896 /* LaunchScreen.storyboard */; };
		B5F624772AC2F6A1002A1896 /* ZeneFitTests.swift in Sources */ = {isa = PBXBuildFile; fileRef = B5F624762AC2F6A1002A1896 /* ZeneFitTests.swift */; };
		B5F624812AC2F6A1002A1896 /* ZeneFitUITests.swift in Sources */ = {isa = PBXBuildFile; fileRef = B5F624802AC2F6A1002A1896 /* ZeneFitUITests.swift */; };
		B5F624832AC2F6A1002A1896 /* ZeneFitUITestsLaunchTests.swift in Sources */ = {isa = PBXBuildFile; fileRef = B5F624822AC2F6A1002A1896 /* ZeneFitUITestsLaunchTests.swift */; };
		B5F624942AC2F896002A1896 /* Pretendard-SemiBold.otf in Resources */ = {isa = PBXBuildFile; fileRef = B5F624912AC2F896002A1896 /* Pretendard-SemiBold.otf */; };
		B5F624952AC2F896002A1896 /* Pretendard-SemiBold.otf in Resources */ = {isa = PBXBuildFile; fileRef = B5F624912AC2F896002A1896 /* Pretendard-SemiBold.otf */; };
		B5F624962AC2F896002A1896 /* Pretendard-SemiBold.otf in Resources */ = {isa = PBXBuildFile; fileRef = B5F624912AC2F896002A1896 /* Pretendard-SemiBold.otf */; };
		B5F624972AC2F896002A1896 /* Pretendard-Bold.otf in Resources */ = {isa = PBXBuildFile; fileRef = B5F624922AC2F896002A1896 /* Pretendard-Bold.otf */; };
		B5F624982AC2F896002A1896 /* Pretendard-Bold.otf in Resources */ = {isa = PBXBuildFile; fileRef = B5F624922AC2F896002A1896 /* Pretendard-Bold.otf */; };
		B5F624992AC2F896002A1896 /* Pretendard-Bold.otf in Resources */ = {isa = PBXBuildFile; fileRef = B5F624922AC2F896002A1896 /* Pretendard-Bold.otf */; };
		B5F6249A2AC2F896002A1896 /* Pretendard-Regular.otf in Resources */ = {isa = PBXBuildFile; fileRef = B5F624932AC2F896002A1896 /* Pretendard-Regular.otf */; };
		B5F6249B2AC2F896002A1896 /* Pretendard-Regular.otf in Resources */ = {isa = PBXBuildFile; fileRef = B5F624932AC2F896002A1896 /* Pretendard-Regular.otf */; };
		B5F6249C2AC2F896002A1896 /* Pretendard-Regular.otf in Resources */ = {isa = PBXBuildFile; fileRef = B5F624932AC2F896002A1896 /* Pretendard-Regular.otf */; };
		B5F624A12AC3144A002A1896 /* UIFont+.swift in Sources */ = {isa = PBXBuildFile; fileRef = B5F624A02AC3144A002A1896 /* UIFont+.swift */; };
		B5F624A22AC3144A002A1896 /* UIFont+.swift in Sources */ = {isa = PBXBuildFile; fileRef = B5F624A02AC3144A002A1896 /* UIFont+.swift */; };
		B5F624A32AC3144A002A1896 /* UIFont+.swift in Sources */ = {isa = PBXBuildFile; fileRef = B5F624A02AC3144A002A1896 /* UIFont+.swift */; };
		B5F624A52AC32919002A1896 /* UIColor+.swift in Sources */ = {isa = PBXBuildFile; fileRef = B5F624A42AC32919002A1896 /* UIColor+.swift */; };
		B5F624A62AC32919002A1896 /* UIColor+.swift in Sources */ = {isa = PBXBuildFile; fileRef = B5F624A42AC32919002A1896 /* UIColor+.swift */; };
		B5F624A72AC32919002A1896 /* UIColor+.swift in Sources */ = {isa = PBXBuildFile; fileRef = B5F624A42AC32919002A1896 /* UIColor+.swift */; };
		B5F624AA2AC33AB3002A1896 /* SnapKit in Frameworks */ = {isa = PBXBuildFile; productRef = B5F624A92AC33AB3002A1896 /* SnapKit */; };
		B5F624AD2AC33AFD002A1896 /* Then in Frameworks */ = {isa = PBXBuildFile; productRef = B5F624AC2AC33AFD002A1896 /* Then */; };
		B5F624B02AC33B8A002A1896 /* KakaoSDKAuth in Frameworks */ = {isa = PBXBuildFile; productRef = B5F624AF2AC33B8A002A1896 /* KakaoSDKAuth */; };
		B5F624B22AC33B8A002A1896 /* KakaoSDKCommon in Frameworks */ = {isa = PBXBuildFile; productRef = B5F624B12AC33B8A002A1896 /* KakaoSDKCommon */; };
		B5F624B42AC33B8A002A1896 /* KakaoSDKUser in Frameworks */ = {isa = PBXBuildFile; productRef = B5F624B32AC33B8A002A1896 /* KakaoSDKUser */; };
		B5F624B72AC33CF8002A1896 /* FirebaseAnalytics in Frameworks */ = {isa = PBXBuildFile; productRef = B5F624B62AC33CF8002A1896 /* FirebaseAnalytics */; };
		B5F624B92AC33CF8002A1896 /* FirebaseCrashlytics in Frameworks */ = {isa = PBXBuildFile; productRef = B5F624B82AC33CF8002A1896 /* FirebaseCrashlytics */; };
		B5F624BB2AC33CF8002A1896 /* FirebaseMessaging in Frameworks */ = {isa = PBXBuildFile; productRef = B5F624BA2AC33CF8002A1896 /* FirebaseMessaging */; };
		B5F624C02AC53B4D002A1896 /* SignInViewController.swift in Sources */ = {isa = PBXBuildFile; fileRef = B5F624BF2AC53B4D002A1896 /* SignInViewController.swift */; };
		B5F624C32AC53B79002A1896 /* BaseViewController.swift in Sources */ = {isa = PBXBuildFile; fileRef = B5F624C22AC53B79002A1896 /* BaseViewController.swift */; };
		B5F624C62AC54338002A1896 /* UIViewController+.swift in Sources */ = {isa = PBXBuildFile; fileRef = B5F624C52AC54338002A1896 /* UIViewController+.swift */; };
		B5F624C82AC54876002A1896 /* UIView+.swift in Sources */ = {isa = PBXBuildFile; fileRef = B5F624C72AC54876002A1896 /* UIView+.swift */; };
		B5F624CA2AC54C53002A1896 /* PaddingLabel.swift in Sources */ = {isa = PBXBuildFile; fileRef = B5F624C92AC54C53002A1896 /* PaddingLabel.swift */; };
		B5F624CE2AC5B68F002A1896 /* Coordinator.swift in Sources */ = {isa = PBXBuildFile; fileRef = B5F624CD2AC5B68F002A1896 /* Coordinator.swift */; };
		B5F624D02AC5B70A002A1896 /* MainCoordinator.swift in Sources */ = {isa = PBXBuildFile; fileRef = B5F624CF2AC5B70A002A1896 /* MainCoordinator.swift */; };
		B5F624D22AC5B9F7002A1896 /* AuthCoordinator.swift in Sources */ = {isa = PBXBuildFile; fileRef = B5F624D12AC5B9F7002A1896 /* AuthCoordinator.swift */; };
		B5F624D52AC5F95B002A1896 /* SignInViewModel.swift in Sources */ = {isa = PBXBuildFile; fileRef = B5F624D42AC5F95B002A1896 /* SignInViewModel.swift */; };
		B5F624D82AC5FAB1002A1896 /* OAuthType.swift in Sources */ = {isa = PBXBuildFile; fileRef = B5F624D72AC5FAB1002A1896 /* OAuthType.swift */; };
		B5F624DA2AC5FF9C002A1896 /* UIControl+.swift in Sources */ = {isa = PBXBuildFile; fileRef = B5F624D92AC5FF9C002A1896 /* UIControl+.swift */; };
		B5F624DC2AC60090002A1896 /* UIButton+.swift in Sources */ = {isa = PBXBuildFile; fileRef = B5F624DB2AC60090002A1896 /* UIButton+.swift */; };
/* End PBXBuildFile section */

/* Begin PBXContainerItemProxy section */
		B5F624732AC2F6A1002A1896 /* PBXContainerItemProxy */ = {
			isa = PBXContainerItemProxy;
			containerPortal = B5F624542AC2F6A0002A1896 /* Project object */;
			proxyType = 1;
			remoteGlobalIDString = B5F6245B2AC2F6A0002A1896;
			remoteInfo = ZeneFit;
		};
		B5F6247D2AC2F6A1002A1896 /* PBXContainerItemProxy */ = {
			isa = PBXContainerItemProxy;
			containerPortal = B5F624542AC2F6A0002A1896 /* Project object */;
			proxyType = 1;
			remoteGlobalIDString = B5F6245B2AC2F6A0002A1896;
			remoteInfo = ZeneFit;
		};
/* End PBXContainerItemProxy section */

/* Begin PBXFileReference section */
		B5F6245C2AC2F6A0002A1896 /* ZeneFit.app */ = {isa = PBXFileReference; explicitFileType = wrapper.application; includeInIndex = 0; path = ZeneFit.app; sourceTree = BUILT_PRODUCTS_DIR; };
		B5F6245F2AC2F6A0002A1896 /* AppDelegate.swift */ = {isa = PBXFileReference; lastKnownFileType = sourcecode.swift; path = AppDelegate.swift; sourceTree = "<group>"; };
		B5F624612AC2F6A0002A1896 /* SceneDelegate.swift */ = {isa = PBXFileReference; lastKnownFileType = sourcecode.swift; path = SceneDelegate.swift; sourceTree = "<group>"; };
		B5F624632AC2F6A0002A1896 /* SplashViewController.swift */ = {isa = PBXFileReference; lastKnownFileType = sourcecode.swift; path = SplashViewController.swift; sourceTree = "<group>"; };
		B5F624682AC2F6A1002A1896 /* Assets.xcassets */ = {isa = PBXFileReference; lastKnownFileType = folder.assetcatalog; path = Assets.xcassets; sourceTree = "<group>"; };
		B5F6246B2AC2F6A1002A1896 /* Base */ = {isa = PBXFileReference; lastKnownFileType = file.storyboard; name = Base; path = Base.lproj/LaunchScreen.storyboard; sourceTree = "<group>"; };
		B5F6246D2AC2F6A1002A1896 /* Info.plist */ = {isa = PBXFileReference; lastKnownFileType = text.plist.xml; path = Info.plist; sourceTree = "<group>"; };
		B5F624722AC2F6A1002A1896 /* ZeneFitTests.xctest */ = {isa = PBXFileReference; explicitFileType = wrapper.cfbundle; includeInIndex = 0; path = ZeneFitTests.xctest; sourceTree = BUILT_PRODUCTS_DIR; };
		B5F624762AC2F6A1002A1896 /* ZeneFitTests.swift */ = {isa = PBXFileReference; lastKnownFileType = sourcecode.swift; path = ZeneFitTests.swift; sourceTree = "<group>"; };
		B5F6247C2AC2F6A1002A1896 /* ZeneFitUITests.xctest */ = {isa = PBXFileReference; explicitFileType = wrapper.cfbundle; includeInIndex = 0; path = ZeneFitUITests.xctest; sourceTree = BUILT_PRODUCTS_DIR; };
		B5F624802AC2F6A1002A1896 /* ZeneFitUITests.swift */ = {isa = PBXFileReference; lastKnownFileType = sourcecode.swift; path = ZeneFitUITests.swift; sourceTree = "<group>"; };
		B5F624822AC2F6A1002A1896 /* ZeneFitUITestsLaunchTests.swift */ = {isa = PBXFileReference; lastKnownFileType = sourcecode.swift; path = ZeneFitUITestsLaunchTests.swift; sourceTree = "<group>"; };
		B5F624912AC2F896002A1896 /* Pretendard-SemiBold.otf */ = {isa = PBXFileReference; lastKnownFileType = file; path = "Pretendard-SemiBold.otf"; sourceTree = "<group>"; };
		B5F624922AC2F896002A1896 /* Pretendard-Bold.otf */ = {isa = PBXFileReference; lastKnownFileType = file; path = "Pretendard-Bold.otf"; sourceTree = "<group>"; };
		B5F624932AC2F896002A1896 /* Pretendard-Regular.otf */ = {isa = PBXFileReference; lastKnownFileType = file; path = "Pretendard-Regular.otf"; sourceTree = "<group>"; };
		B5F624A02AC3144A002A1896 /* UIFont+.swift */ = {isa = PBXFileReference; lastKnownFileType = sourcecode.swift; path = "UIFont+.swift"; sourceTree = "<group>"; };
		B5F624A42AC32919002A1896 /* UIColor+.swift */ = {isa = PBXFileReference; lastKnownFileType = sourcecode.swift; path = "UIColor+.swift"; sourceTree = "<group>"; };
		B5F624BF2AC53B4D002A1896 /* SignInViewController.swift */ = {isa = PBXFileReference; lastKnownFileType = sourcecode.swift; path = SignInViewController.swift; sourceTree = "<group>"; };
		B5F624C22AC53B79002A1896 /* BaseViewController.swift */ = {isa = PBXFileReference; lastKnownFileType = sourcecode.swift; path = BaseViewController.swift; sourceTree = "<group>"; };
		B5F624C52AC54338002A1896 /* UIViewController+.swift */ = {isa = PBXFileReference; lastKnownFileType = sourcecode.swift; path = "UIViewController+.swift"; sourceTree = "<group>"; };
		B5F624C72AC54876002A1896 /* UIView+.swift */ = {isa = PBXFileReference; lastKnownFileType = sourcecode.swift; path = "UIView+.swift"; sourceTree = "<group>"; };
		B5F624C92AC54C53002A1896 /* PaddingLabel.swift */ = {isa = PBXFileReference; lastKnownFileType = sourcecode.swift; path = PaddingLabel.swift; sourceTree = "<group>"; };
		B5F624CD2AC5B68F002A1896 /* Coordinator.swift */ = {isa = PBXFileReference; lastKnownFileType = sourcecode.swift; path = Coordinator.swift; sourceTree = "<group>"; };
		B5F624CF2AC5B70A002A1896 /* MainCoordinator.swift */ = {isa = PBXFileReference; lastKnownFileType = sourcecode.swift; path = MainCoordinator.swift; sourceTree = "<group>"; };
		B5F624D12AC5B9F7002A1896 /* AuthCoordinator.swift */ = {isa = PBXFileReference; lastKnownFileType = sourcecode.swift; path = AuthCoordinator.swift; sourceTree = "<group>"; };
		B5F624D32AC5F35A002A1896 /* AppInfo.xcconfig */ = {isa = PBXFileReference; lastKnownFileType = text.xcconfig; path = AppInfo.xcconfig; sourceTree = "<group>"; };
		B5F624D42AC5F95B002A1896 /* SignInViewModel.swift */ = {isa = PBXFileReference; lastKnownFileType = sourcecode.swift; path = SignInViewModel.swift; sourceTree = "<group>"; };
		B5F624D72AC5FAB1002A1896 /* OAuthType.swift */ = {isa = PBXFileReference; lastKnownFileType = sourcecode.swift; path = OAuthType.swift; sourceTree = "<group>"; };
		B5F624D92AC5FF9C002A1896 /* UIControl+.swift */ = {isa = PBXFileReference; lastKnownFileType = sourcecode.swift; path = "UIControl+.swift"; sourceTree = "<group>"; };
		B5F624DB2AC60090002A1896 /* UIButton+.swift */ = {isa = PBXFileReference; lastKnownFileType = sourcecode.swift; path = "UIButton+.swift"; sourceTree = "<group>"; };
		B5F624DD2AC60335002A1896 /* ZeneFit.entitlements */ = {isa = PBXFileReference; lastKnownFileType = text.plist.entitlements; path = ZeneFit.entitlements; sourceTree = "<group>"; };
/* End PBXFileReference section */

/* Begin PBXFrameworksBuildPhase section */
		B5F624592AC2F6A0002A1896 /* Frameworks */ = {
			isa = PBXFrameworksBuildPhase;
			buildActionMask = 2147483647;
			files = (
				B5F624BB2AC33CF8002A1896 /* FirebaseMessaging in Frameworks */,
				B5F624B22AC33B8A002A1896 /* KakaoSDKCommon in Frameworks */,
				B5F624AA2AC33AB3002A1896 /* SnapKit in Frameworks */,
				B5F624B72AC33CF8002A1896 /* FirebaseAnalytics in Frameworks */,
				B5F624B92AC33CF8002A1896 /* FirebaseCrashlytics in Frameworks */,
				B5F624AD2AC33AFD002A1896 /* Then in Frameworks */,
				B5F624B42AC33B8A002A1896 /* KakaoSDKUser in Frameworks */,
				B5F624B02AC33B8A002A1896 /* KakaoSDKAuth in Frameworks */,
			);
			runOnlyForDeploymentPostprocessing = 0;
		};
		B5F6246F2AC2F6A1002A1896 /* Frameworks */ = {
			isa = PBXFrameworksBuildPhase;
			buildActionMask = 2147483647;
			files = (
			);
			runOnlyForDeploymentPostprocessing = 0;
		};
		B5F624792AC2F6A1002A1896 /* Frameworks */ = {
			isa = PBXFrameworksBuildPhase;
			buildActionMask = 2147483647;
			files = (
			);
			runOnlyForDeploymentPostprocessing = 0;
		};
/* End PBXFrameworksBuildPhase section */

/* Begin PBXGroup section */
		B5F624532AC2F6A0002A1896 = {
			isa = PBXGroup;
			children = (
				B5F6245E2AC2F6A0002A1896 /* ZeneFit */,
				B5F624752AC2F6A1002A1896 /* ZeneFitTests */,
				B5F6247F2AC2F6A1002A1896 /* ZeneFitUITests */,
				B5F6245D2AC2F6A0002A1896 /* Products */,
			);
			sourceTree = "<group>";
		};
		B5F6245D2AC2F6A0002A1896 /* Products */ = {
			isa = PBXGroup;
			children = (
				B5F6245C2AC2F6A0002A1896 /* ZeneFit.app */,
				B5F624722AC2F6A1002A1896 /* ZeneFitTests.xctest */,
				B5F6247C2AC2F6A1002A1896 /* ZeneFitUITests.xctest */,
			);
			name = Products;
			sourceTree = "<group>";
		};
		B5F6245E2AC2F6A0002A1896 /* ZeneFit */ = {
			isa = PBXGroup;
			children = (
				B5F624DD2AC60335002A1896 /* ZeneFit.entitlements */,
				B5F624BC2AC53AFF002A1896 /* Presenters */,
				B5F6249E2AC31432002A1896 /* Common */,
				B5F6248F2AC2F85D002A1896 /* App */,
			);
			path = ZeneFit;
			sourceTree = "<group>";
		};
		B5F624752AC2F6A1002A1896 /* ZeneFitTests */ = {
			isa = PBXGroup;
			children = (
				B5F624762AC2F6A1002A1896 /* ZeneFitTests.swift */,
			);
			path = ZeneFitTests;
			sourceTree = "<group>";
		};
		B5F6247F2AC2F6A1002A1896 /* ZeneFitUITests */ = {
			isa = PBXGroup;
			children = (
				B5F624802AC2F6A1002A1896 /* ZeneFitUITests.swift */,
				B5F624822AC2F6A1002A1896 /* ZeneFitUITestsLaunchTests.swift */,
			);
			path = ZeneFitUITests;
			sourceTree = "<group>";
		};
		B5F6248F2AC2F85D002A1896 /* App */ = {
			isa = PBXGroup;
			children = (
				B5F6246A2AC2F6A1002A1896 /* LaunchScreen.storyboard */,
				B5F624902AC2F868002A1896 /* Resource */,
				B5F6246D2AC2F6A1002A1896 /* Info.plist */,
				B5F6245F2AC2F6A0002A1896 /* AppDelegate.swift */,
				B5F624612AC2F6A0002A1896 /* SceneDelegate.swift */,
				B5F624D32AC5F35A002A1896 /* AppInfo.xcconfig */,
			);
			path = App;
			sourceTree = "<group>";
		};
		B5F624902AC2F868002A1896 /* Resource */ = {
			isa = PBXGroup;
			children = (
				B5F624682AC2F6A1002A1896 /* Assets.xcassets */,
				B5F6249D2AC2F8A1002A1896 /* Fonts */,
			);
			path = Resource;
			sourceTree = "<group>";
		};
		B5F6249D2AC2F8A1002A1896 /* Fonts */ = {
			isa = PBXGroup;
			children = (
				B5F624922AC2F896002A1896 /* Pretendard-Bold.otf */,
				B5F624932AC2F896002A1896 /* Pretendard-Regular.otf */,
				B5F624912AC2F896002A1896 /* Pretendard-SemiBold.otf */,
			);
			path = Fonts;
			sourceTree = "<group>";
		};
		B5F6249E2AC31432002A1896 /* Common */ = {
			isa = PBXGroup;
			children = (
				B5F624D62AC5FA9D002A1896 /* Enum */,
				B5F624C12AC53B66002A1896 /* UI */,
				B5F6249F2AC31438002A1896 /* Extension */,
			);
			path = Common;
			sourceTree = "<group>";
		};
		B5F6249F2AC31438002A1896 /* Extension */ = {
			isa = PBXGroup;
			children = (
				B5F624A02AC3144A002A1896 /* UIFont+.swift */,
				B5F624A42AC32919002A1896 /* UIColor+.swift */,
				B5F624C52AC54338002A1896 /* UIViewController+.swift */,
				B5F624C72AC54876002A1896 /* UIView+.swift */,
				B5F624D92AC5FF9C002A1896 /* UIControl+.swift */,
				B5F624DB2AC60090002A1896 /* UIButton+.swift */,
			);
			path = Extension;
			sourceTree = "<group>";
		};
		B5F624BC2AC53AFF002A1896 /* Presenters */ = {
			isa = PBXGroup;
			children = (
				B5F624C42AC53FE8002A1896 /* Splash */,
				B5F624BD2AC53B2F002A1896 /* Auth */,
			);
			path = Presenters;
			sourceTree = "<group>";
		};
		B5F624BD2AC53B2F002A1896 /* Auth */ = {
			isa = PBXGroup;
			children = (
				B5F624D12AC5B9F7002A1896 /* AuthCoordinator.swift */,
				B5F624BE2AC53B3C002A1896 /* SignIn */,
			);
			path = Auth;
			sourceTree = "<group>";
		};
		B5F624BE2AC53B3C002A1896 /* SignIn */ = {
			isa = PBXGroup;
			children = (
				B5F624BF2AC53B4D002A1896 /* SignInViewController.swift */,
				B5F624D42AC5F95B002A1896 /* SignInViewModel.swift */,
			);
			path = SignIn;
			sourceTree = "<group>";
		};
		B5F624C12AC53B66002A1896 /* UI */ = {
			isa = PBXGroup;
			children = (
				B5F624C22AC53B79002A1896 /* BaseViewController.swift */,
				B5F624C92AC54C53002A1896 /* PaddingLabel.swift */,
				B5F624CD2AC5B68F002A1896 /* Coordinator.swift */,
				B5F624CF2AC5B70A002A1896 /* MainCoordinator.swift */,
			);
			path = UI;
			sourceTree = "<group>";
		};
		B5F624C42AC53FE8002A1896 /* Splash */ = {
			isa = PBXGroup;
			children = (
				B5F624632AC2F6A0002A1896 /* SplashViewController.swift */,
			);
			path = Splash;
			sourceTree = "<group>";
		};
		B5F624D62AC5FA9D002A1896 /* Enum */ = {
			isa = PBXGroup;
			children = (
				B5F624D72AC5FAB1002A1896 /* OAuthType.swift */,
			);
			path = Enum;
			sourceTree = "<group>";
		};
/* End PBXGroup section */

/* Begin PBXNativeTarget section */
		B5F6245B2AC2F6A0002A1896 /* ZeneFit */ = {
			isa = PBXNativeTarget;
			buildConfigurationList = B5F624862AC2F6A1002A1896 /* Build configuration list for PBXNativeTarget "ZeneFit" */;
			buildPhases = (
				B5F624582AC2F6A0002A1896 /* Sources */,
				B5F624592AC2F6A0002A1896 /* Frameworks */,
				B5F6245A2AC2F6A0002A1896 /* Resources */,
			);
			buildRules = (
			);
			dependencies = (
			);
			name = ZeneFit;
			packageProductDependencies = (
				B5F624A92AC33AB3002A1896 /* SnapKit */,
				B5F624AC2AC33AFD002A1896 /* Then */,
				B5F624AF2AC33B8A002A1896 /* KakaoSDKAuth */,
				B5F624B12AC33B8A002A1896 /* KakaoSDKCommon */,
				B5F624B32AC33B8A002A1896 /* KakaoSDKUser */,
				B5F624B62AC33CF8002A1896 /* FirebaseAnalytics */,
				B5F624B82AC33CF8002A1896 /* FirebaseCrashlytics */,
				B5F624BA2AC33CF8002A1896 /* FirebaseMessaging */,
			);
			productName = ZeneFit;
			productReference = B5F6245C2AC2F6A0002A1896 /* ZeneFit.app */;
			productType = "com.apple.product-type.application";
		};
		B5F624712AC2F6A1002A1896 /* ZeneFitTests */ = {
			isa = PBXNativeTarget;
			buildConfigurationList = B5F624892AC2F6A1002A1896 /* Build configuration list for PBXNativeTarget "ZeneFitTests" */;
			buildPhases = (
				B5F6246E2AC2F6A1002A1896 /* Sources */,
				B5F6246F2AC2F6A1002A1896 /* Frameworks */,
				B5F624702AC2F6A1002A1896 /* Resources */,
			);
			buildRules = (
			);
			dependencies = (
				B5F624742AC2F6A1002A1896 /* PBXTargetDependency */,
			);
			name = ZeneFitTests;
			productName = ZeneFitTests;
			productReference = B5F624722AC2F6A1002A1896 /* ZeneFitTests.xctest */;
			productType = "com.apple.product-type.bundle.unit-test";
		};
		B5F6247B2AC2F6A1002A1896 /* ZeneFitUITests */ = {
			isa = PBXNativeTarget;
			buildConfigurationList = B5F6248C2AC2F6A1002A1896 /* Build configuration list for PBXNativeTarget "ZeneFitUITests" */;
			buildPhases = (
				B5F624782AC2F6A1002A1896 /* Sources */,
				B5F624792AC2F6A1002A1896 /* Frameworks */,
				B5F6247A2AC2F6A1002A1896 /* Resources */,
			);
			buildRules = (
			);
			dependencies = (
				B5F6247E2AC2F6A1002A1896 /* PBXTargetDependency */,
			);
			name = ZeneFitUITests;
			productName = ZeneFitUITests;
			productReference = B5F6247C2AC2F6A1002A1896 /* ZeneFitUITests.xctest */;
			productType = "com.apple.product-type.bundle.ui-testing";
		};
/* End PBXNativeTarget section */

/* Begin PBXProject section */
		B5F624542AC2F6A0002A1896 /* Project object */ = {
			isa = PBXProject;
			attributes = {
				BuildIndependentTargetsInParallel = 1;
				LastSwiftUpdateCheck = 1430;
				LastUpgradeCheck = 1430;
				TargetAttributes = {
					B5F6245B2AC2F6A0002A1896 = {
						CreatedOnToolsVersion = 14.3.1;
					};
					B5F624712AC2F6A1002A1896 = {
						CreatedOnToolsVersion = 14.3.1;
						TestTargetID = B5F6245B2AC2F6A0002A1896;
					};
					B5F6247B2AC2F6A1002A1896 = {
						CreatedOnToolsVersion = 14.3.1;
						TestTargetID = B5F6245B2AC2F6A0002A1896;
					};
				};
			};
			buildConfigurationList = B5F624572AC2F6A0002A1896 /* Build configuration list for PBXProject "ZeneFit" */;
			compatibilityVersion = "Xcode 14.0";
			developmentRegion = en;
			hasScannedForEncodings = 0;
			knownRegions = (
				en,
				Base,
			);
			mainGroup = B5F624532AC2F6A0002A1896;
			packageReferences = (
				B5F624A82AC33AB3002A1896 /* XCRemoteSwiftPackageReference "SnapKit" */,
				B5F624AB2AC33AFD002A1896 /* XCRemoteSwiftPackageReference "Then" */,
				B5F624AE2AC33B8A002A1896 /* XCRemoteSwiftPackageReference "kakao-ios-sdk" */,
				B5F624B52AC33CF8002A1896 /* XCRemoteSwiftPackageReference "firebase-ios-sdk" */,
			);
			productRefGroup = B5F6245D2AC2F6A0002A1896 /* Products */;
			projectDirPath = "";
			projectRoot = "";
			targets = (
				B5F6245B2AC2F6A0002A1896 /* ZeneFit */,
				B5F624712AC2F6A1002A1896 /* ZeneFitTests */,
				B5F6247B2AC2F6A1002A1896 /* ZeneFitUITests */,
			);
		};
/* End PBXProject section */

/* Begin PBXResourcesBuildPhase section */
		B5F6245A2AC2F6A0002A1896 /* Resources */ = {
			isa = PBXResourcesBuildPhase;
			buildActionMask = 2147483647;
			files = (
				B5F6246C2AC2F6A1002A1896 /* LaunchScreen.storyboard in Resources */,
				B5F6249A2AC2F896002A1896 /* Pretendard-Regular.otf in Resources */,
				B5F624972AC2F896002A1896 /* Pretendard-Bold.otf in Resources */,
				B5F624692AC2F6A1002A1896 /* Assets.xcassets in Resources */,
				B5F624942AC2F896002A1896 /* Pretendard-SemiBold.otf in Resources */,
			);
			runOnlyForDeploymentPostprocessing = 0;
		};
		B5F624702AC2F6A1002A1896 /* Resources */ = {
			isa = PBXResourcesBuildPhase;
			buildActionMask = 2147483647;
			files = (
				B5F624952AC2F896002A1896 /* Pretendard-SemiBold.otf in Resources */,
				B5F6249B2AC2F896002A1896 /* Pretendard-Regular.otf in Resources */,
				B5F624982AC2F896002A1896 /* Pretendard-Bold.otf in Resources */,
			);
			runOnlyForDeploymentPostprocessing = 0;
		};
		B5F6247A2AC2F6A1002A1896 /* Resources */ = {
			isa = PBXResourcesBuildPhase;
			buildActionMask = 2147483647;
			files = (
				B5F624962AC2F896002A1896 /* Pretendard-SemiBold.otf in Resources */,
				B5F6249C2AC2F896002A1896 /* Pretendard-Regular.otf in Resources */,
				B5F624992AC2F896002A1896 /* Pretendard-Bold.otf in Resources */,
			);
			runOnlyForDeploymentPostprocessing = 0;
		};
/* End PBXResourcesBuildPhase section */

/* Begin PBXSourcesBuildPhase section */
		B5F624582AC2F6A0002A1896 /* Sources */ = {
			isa = PBXSourcesBuildPhase;
			buildActionMask = 2147483647;
			files = (
				B5F624D82AC5FAB1002A1896 /* OAuthType.swift in Sources */,
				B5F624A12AC3144A002A1896 /* UIFont+.swift in Sources */,
				B5F624D22AC5B9F7002A1896 /* AuthCoordinator.swift in Sources */,
				B5F624D02AC5B70A002A1896 /* MainCoordinator.swift in Sources */,
				B5F624DC2AC60090002A1896 /* UIButton+.swift in Sources */,
				B5F624642AC2F6A0002A1896 /* SplashViewController.swift in Sources */,
				B5F624DA2AC5FF9C002A1896 /* UIControl+.swift in Sources */,
				B5F624C62AC54338002A1896 /* UIViewController+.swift in Sources */,
				B5F624C02AC53B4D002A1896 /* SignInViewController.swift in Sources */,
				B5F624602AC2F6A0002A1896 /* AppDelegate.swift in Sources */,
				B5F624622AC2F6A0002A1896 /* SceneDelegate.swift in Sources */,
				B5F624D52AC5F95B002A1896 /* SignInViewModel.swift in Sources */,
				B5F624CE2AC5B68F002A1896 /* Coordinator.swift in Sources */,
				B5F624CA2AC54C53002A1896 /* PaddingLabel.swift in Sources */,
				B5F624C82AC54876002A1896 /* UIView+.swift in Sources */,
				B5F624C32AC53B79002A1896 /* BaseViewController.swift in Sources */,
				B5F624A52AC32919002A1896 /* UIColor+.swift in Sources */,
			);
			runOnlyForDeploymentPostprocessing = 0;
		};
		B5F6246E2AC2F6A1002A1896 /* Sources */ = {
			isa = PBXSourcesBuildPhase;
			buildActionMask = 2147483647;
			files = (
				B5F624A22AC3144A002A1896 /* UIFont+.swift in Sources */,
				B5F624772AC2F6A1002A1896 /* ZeneFitTests.swift in Sources */,
				B5F624A62AC32919002A1896 /* UIColor+.swift in Sources */,
			);
			runOnlyForDeploymentPostprocessing = 0;
		};
		B5F624782AC2F6A1002A1896 /* Sources */ = {
			isa = PBXSourcesBuildPhase;
			buildActionMask = 2147483647;
			files = (
				B5F624832AC2F6A1002A1896 /* ZeneFitUITestsLaunchTests.swift in Sources */,
				B5F624A72AC32919002A1896 /* UIColor+.swift in Sources */,
				B5F624A32AC3144A002A1896 /* UIFont+.swift in Sources */,
				B5F624812AC2F6A1002A1896 /* ZeneFitUITests.swift in Sources */,
			);
			runOnlyForDeploymentPostprocessing = 0;
		};
/* End PBXSourcesBuildPhase section */

/* Begin PBXTargetDependency section */
		B5F624742AC2F6A1002A1896 /* PBXTargetDependency */ = {
			isa = PBXTargetDependency;
			target = B5F6245B2AC2F6A0002A1896 /* ZeneFit */;
			targetProxy = B5F624732AC2F6A1002A1896 /* PBXContainerItemProxy */;
		};
		B5F6247E2AC2F6A1002A1896 /* PBXTargetDependency */ = {
			isa = PBXTargetDependency;
			target = B5F6245B2AC2F6A0002A1896 /* ZeneFit */;
			targetProxy = B5F6247D2AC2F6A1002A1896 /* PBXContainerItemProxy */;
		};
/* End PBXTargetDependency section */

/* Begin PBXVariantGroup section */
		B5F6246A2AC2F6A1002A1896 /* LaunchScreen.storyboard */ = {
			isa = PBXVariantGroup;
			children = (
				B5F6246B2AC2F6A1002A1896 /* Base */,
			);
			name = LaunchScreen.storyboard;
			sourceTree = "<group>";
		};
/* End PBXVariantGroup section */

/* Begin XCBuildConfiguration section */
		B5F624842AC2F6A1002A1896 /* Debug */ = {
			isa = XCBuildConfiguration;
			baseConfigurationReference = B5F624D32AC5F35A002A1896 /* AppInfo.xcconfig */;
			buildSettings = {
				ALWAYS_SEARCH_USER_PATHS = NO;
				CLANG_ANALYZER_NONNULL = YES;
				CLANG_ANALYZER_NUMBER_OBJECT_CONVERSION = YES_AGGRESSIVE;
				CLANG_CXX_LANGUAGE_STANDARD = "gnu++20";
				CLANG_ENABLE_MODULES = YES;
				CLANG_ENABLE_OBJC_ARC = YES;
				CLANG_ENABLE_OBJC_WEAK = YES;
				CLANG_WARN_BLOCK_CAPTURE_AUTORELEASING = YES;
				CLANG_WARN_BOOL_CONVERSION = YES;
				CLANG_WARN_COMMA = YES;
				CLANG_WARN_CONSTANT_CONVERSION = YES;
				CLANG_WARN_DEPRECATED_OBJC_IMPLEMENTATIONS = YES;
				CLANG_WARN_DIRECT_OBJC_ISA_USAGE = YES_ERROR;
				CLANG_WARN_DOCUMENTATION_COMMENTS = YES;
				CLANG_WARN_EMPTY_BODY = YES;
				CLANG_WARN_ENUM_CONVERSION = YES;
				CLANG_WARN_INFINITE_RECURSION = YES;
				CLANG_WARN_INT_CONVERSION = YES;
				CLANG_WARN_NON_LITERAL_NULL_CONVERSION = YES;
				CLANG_WARN_OBJC_IMPLICIT_RETAIN_SELF = YES;
				CLANG_WARN_OBJC_LITERAL_CONVERSION = YES;
				CLANG_WARN_OBJC_ROOT_CLASS = YES_ERROR;
				CLANG_WARN_QUOTED_INCLUDE_IN_FRAMEWORK_HEADER = YES;
				CLANG_WARN_RANGE_LOOP_ANALYSIS = YES;
				CLANG_WARN_STRICT_PROTOTYPES = YES;
				CLANG_WARN_SUSPICIOUS_MOVE = YES;
				CLANG_WARN_UNGUARDED_AVAILABILITY = YES_AGGRESSIVE;
				CLANG_WARN_UNREACHABLE_CODE = YES;
				CLANG_WARN__DUPLICATE_METHOD_MATCH = YES;
				COPY_PHASE_STRIP = NO;
				DEBUG_INFORMATION_FORMAT = dwarf;
				ENABLE_STRICT_OBJC_MSGSEND = YES;
				ENABLE_TESTABILITY = YES;
				GCC_C_LANGUAGE_STANDARD = gnu11;
				GCC_DYNAMIC_NO_PIC = NO;
				GCC_NO_COMMON_BLOCKS = YES;
				GCC_OPTIMIZATION_LEVEL = 0;
				GCC_PREPROCESSOR_DEFINITIONS = (
					"DEBUG=1",
					"$(inherited)",
				);
				GCC_WARN_64_TO_32_BIT_CONVERSION = YES;
				GCC_WARN_ABOUT_RETURN_TYPE = YES_ERROR;
				GCC_WARN_UNDECLARED_SELECTOR = YES;
				GCC_WARN_UNINITIALIZED_AUTOS = YES_AGGRESSIVE;
				GCC_WARN_UNUSED_FUNCTION = YES;
				GCC_WARN_UNUSED_VARIABLE = YES;
				IPHONEOS_DEPLOYMENT_TARGET = 15.0;
				MTL_ENABLE_DEBUG_INFO = INCLUDE_SOURCE;
				MTL_FAST_MATH = YES;
				ONLY_ACTIVE_ARCH = YES;
				SDKROOT = iphoneos;
				SWIFT_ACTIVE_COMPILATION_CONDITIONS = DEBUG;
				SWIFT_OPTIMIZATION_LEVEL = "-Onone";
			};
			name = Debug;
		};
		B5F624852AC2F6A1002A1896 /* Release */ = {
			isa = XCBuildConfiguration;
			baseConfigurationReference = B5F624D32AC5F35A002A1896 /* AppInfo.xcconfig */;
			buildSettings = {
				ALWAYS_SEARCH_USER_PATHS = NO;
				CLANG_ANALYZER_NONNULL = YES;
				CLANG_ANALYZER_NUMBER_OBJECT_CONVERSION = YES_AGGRESSIVE;
				CLANG_CXX_LANGUAGE_STANDARD = "gnu++20";
				CLANG_ENABLE_MODULES = YES;
				CLANG_ENABLE_OBJC_ARC = YES;
				CLANG_ENABLE_OBJC_WEAK = YES;
				CLANG_WARN_BLOCK_CAPTURE_AUTORELEASING = YES;
				CLANG_WARN_BOOL_CONVERSION = YES;
				CLANG_WARN_COMMA = YES;
				CLANG_WARN_CONSTANT_CONVERSION = YES;
				CLANG_WARN_DEPRECATED_OBJC_IMPLEMENTATIONS = YES;
				CLANG_WARN_DIRECT_OBJC_ISA_USAGE = YES_ERROR;
				CLANG_WARN_DOCUMENTATION_COMMENTS = YES;
				CLANG_WARN_EMPTY_BODY = YES;
				CLANG_WARN_ENUM_CONVERSION = YES;
				CLANG_WARN_INFINITE_RECURSION = YES;
				CLANG_WARN_INT_CONVERSION = YES;
				CLANG_WARN_NON_LITERAL_NULL_CONVERSION = YES;
				CLANG_WARN_OBJC_IMPLICIT_RETAIN_SELF = YES;
				CLANG_WARN_OBJC_LITERAL_CONVERSION = YES;
				CLANG_WARN_OBJC_ROOT_CLASS = YES_ERROR;
				CLANG_WARN_QUOTED_INCLUDE_IN_FRAMEWORK_HEADER = YES;
				CLANG_WARN_RANGE_LOOP_ANALYSIS = YES;
				CLANG_WARN_STRICT_PROTOTYPES = YES;
				CLANG_WARN_SUSPICIOUS_MOVE = YES;
				CLANG_WARN_UNGUARDED_AVAILABILITY = YES_AGGRESSIVE;
				CLANG_WARN_UNREACHABLE_CODE = YES;
				CLANG_WARN__DUPLICATE_METHOD_MATCH = YES;
				COPY_PHASE_STRIP = NO;
				DEBUG_INFORMATION_FORMAT = "dwarf-with-dsym";
				ENABLE_NS_ASSERTIONS = NO;
				ENABLE_STRICT_OBJC_MSGSEND = YES;
				GCC_C_LANGUAGE_STANDARD = gnu11;
				GCC_NO_COMMON_BLOCKS = YES;
				GCC_WARN_64_TO_32_BIT_CONVERSION = YES;
				GCC_WARN_ABOUT_RETURN_TYPE = YES_ERROR;
				GCC_WARN_UNDECLARED_SELECTOR = YES;
				GCC_WARN_UNINITIALIZED_AUTOS = YES_AGGRESSIVE;
				GCC_WARN_UNUSED_FUNCTION = YES;
				GCC_WARN_UNUSED_VARIABLE = YES;
				IPHONEOS_DEPLOYMENT_TARGET = 15.0;
				MTL_ENABLE_DEBUG_INFO = NO;
				MTL_FAST_MATH = YES;
				SDKROOT = iphoneos;
				SWIFT_COMPILATION_MODE = wholemodule;
				SWIFT_OPTIMIZATION_LEVEL = "-O";
				VALIDATE_PRODUCT = YES;
			};
			name = Release;
		};
		B5F624872AC2F6A1002A1896 /* Debug */ = {
			isa = XCBuildConfiguration;
			buildSettings = {
				ASSETCATALOG_COMPILER_APPICON_NAME = AppIcon;
				ASSETCATALOG_COMPILER_GLOBAL_ACCENT_COLOR_NAME = AccentColor;
				CODE_SIGN_ENTITLEMENTS = ZeneFit/ZeneFit.entitlements;
				CODE_SIGN_IDENTITY = "Apple Development";
				CODE_SIGN_STYLE = Automatic;
				CURRENT_PROJECT_VERSION = 1;
				DEVELOPMENT_TEAM = V2YNV9QV27;
				GENERATE_INFOPLIST_FILE = YES;
				INFOPLIST_FILE = ZeneFit/App/Info.plist;
				INFOPLIST_KEY_UIApplicationSupportsIndirectInputEvents = YES;
				INFOPLIST_KEY_UILaunchStoryboardName = LaunchScreen;
				INFOPLIST_KEY_UISupportedInterfaceOrientations_iPad = "UIInterfaceOrientationPortrait UIInterfaceOrientationPortraitUpsideDown UIInterfaceOrientationLandscapeLeft UIInterfaceOrientationLandscapeRight";
				INFOPLIST_KEY_UISupportedInterfaceOrientations_iPhone = "UIInterfaceOrientationPortrait UIInterfaceOrientationLandscapeLeft UIInterfaceOrientationLandscapeRight";
				IPHONEOS_DEPLOYMENT_TARGET = 15.0;
				LD_RUNPATH_SEARCH_PATHS = (
					"$(inherited)",
					"@executable_path/Frameworks",
				);
				MARKETING_VERSION = 1.0;
				PRODUCT_BUNDLE_IDENTIFIER = iosdev.sw.ZeneFitApp;
				PRODUCT_NAME = "$(TARGET_NAME)";
				PROVISIONING_PROFILE_SPECIFIER = "";
				SUPPORTED_PLATFORMS = "iphoneos iphonesimulator";
				SUPPORTS_MACCATALYST = NO;
				SUPPORTS_MAC_DESIGNED_FOR_IPHONE_IPAD = YES;
				SWIFT_EMIT_LOC_STRINGS = YES;
				SWIFT_VERSION = 5.0;
				TARGETED_DEVICE_FAMILY = 1;
			};
			name = Debug;
		};
		B5F624882AC2F6A1002A1896 /* Release */ = {
			isa = XCBuildConfiguration;
			buildSettings = {
				ASSETCATALOG_COMPILER_APPICON_NAME = AppIcon;
				ASSETCATALOG_COMPILER_GLOBAL_ACCENT_COLOR_NAME = AccentColor;
				CODE_SIGN_ENTITLEMENTS = ZeneFit/ZeneFit.entitlements;
				CODE_SIGN_IDENTITY = "Apple Development";
				CODE_SIGN_STYLE = Automatic;
				CURRENT_PROJECT_VERSION = 1;
				DEVELOPMENT_TEAM = V2YNV9QV27;
				GENERATE_INFOPLIST_FILE = YES;
				INFOPLIST_FILE = ZeneFit/App/Info.plist;
				INFOPLIST_KEY_UIApplicationSupportsIndirectInputEvents = YES;
				INFOPLIST_KEY_UILaunchStoryboardName = LaunchScreen;
				INFOPLIST_KEY_UISupportedInterfaceOrientations_iPad = "UIInterfaceOrientationPortrait UIInterfaceOrientationPortraitUpsideDown UIInterfaceOrientationLandscapeLeft UIInterfaceOrientationLandscapeRight";
				INFOPLIST_KEY_UISupportedInterfaceOrientations_iPhone = "UIInterfaceOrientationPortrait UIInterfaceOrientationLandscapeLeft UIInterfaceOrientationLandscapeRight";
				IPHONEOS_DEPLOYMENT_TARGET = 15.0;
				LD_RUNPATH_SEARCH_PATHS = (
					"$(inherited)",
					"@executable_path/Frameworks",
				);
				MARKETING_VERSION = 1.0;
				PRODUCT_BUNDLE_IDENTIFIER = iosdev.sw.ZeneFitApp;
				PRODUCT_NAME = "$(TARGET_NAME)";
				PROVISIONING_PROFILE_SPECIFIER = "";
				SUPPORTED_PLATFORMS = "iphoneos iphonesimulator";
				SUPPORTS_MACCATALYST = NO;
				SUPPORTS_MAC_DESIGNED_FOR_IPHONE_IPAD = YES;
				SWIFT_EMIT_LOC_STRINGS = YES;
				SWIFT_VERSION = 5.0;
				TARGETED_DEVICE_FAMILY = 1;
			};
			name = Release;
		};
		B5F6248A2AC2F6A1002A1896 /* Debug */ = {
			isa = XCBuildConfiguration;
			buildSettings = {
				ALWAYS_EMBED_SWIFT_STANDARD_LIBRARIES = YES;
				BUNDLE_LOADER = "$(TEST_HOST)";
				CODE_SIGN_STYLE = Automatic;
				CURRENT_PROJECT_VERSION = 1;
				DEVELOPMENT_TEAM = BY6YWX5BM8;
				GENERATE_INFOPLIST_FILE = YES;
				IPHONEOS_DEPLOYMENT_TARGET = 16.4;
				MARKETING_VERSION = 1.0;
				PRODUCT_BUNDLE_IDENTIFIER = iosdev.sw.ZeneFitTests;
				PRODUCT_NAME = "$(TARGET_NAME)";
				SWIFT_EMIT_LOC_STRINGS = NO;
				SWIFT_VERSION = 5.0;
				TARGETED_DEVICE_FAMILY = "1,2";
				TEST_HOST = "$(BUILT_PRODUCTS_DIR)/ZeneFit.app/$(BUNDLE_EXECUTABLE_FOLDER_PATH)/ZeneFit";
			};
			name = Debug;
		};
		B5F6248B2AC2F6A1002A1896 /* Release */ = {
			isa = XCBuildConfiguration;
			buildSettings = {
				ALWAYS_EMBED_SWIFT_STANDARD_LIBRARIES = YES;
				BUNDLE_LOADER = "$(TEST_HOST)";
				CODE_SIGN_STYLE = Automatic;
				CURRENT_PROJECT_VERSION = 1;
				DEVELOPMENT_TEAM = BY6YWX5BM8;
				GENERATE_INFOPLIST_FILE = YES;
				IPHONEOS_DEPLOYMENT_TARGET = 16.4;
				MARKETING_VERSION = 1.0;
				PRODUCT_BUNDLE_IDENTIFIER = iosdev.sw.ZeneFitTests;
				PRODUCT_NAME = "$(TARGET_NAME)";
				SWIFT_EMIT_LOC_STRINGS = NO;
				SWIFT_VERSION = 5.0;
				TARGETED_DEVICE_FAMILY = "1,2";
				TEST_HOST = "$(BUILT_PRODUCTS_DIR)/ZeneFit.app/$(BUNDLE_EXECUTABLE_FOLDER_PATH)/ZeneFit";
			};
			name = Release;
		};
		B5F6248D2AC2F6A1002A1896 /* Debug */ = {
			isa = XCBuildConfiguration;
			buildSettings = {
				ALWAYS_EMBED_SWIFT_STANDARD_LIBRARIES = YES;
				CODE_SIGN_STYLE = Automatic;
				CURRENT_PROJECT_VERSION = 1;
				DEVELOPMENT_TEAM = BY6YWX5BM8;
				GENERATE_INFOPLIST_FILE = YES;
				MARKETING_VERSION = 1.0;
				PRODUCT_BUNDLE_IDENTIFIER = iosdev.sw.ZeneFitUITests;
				PRODUCT_NAME = "$(TARGET_NAME)";
				SWIFT_EMIT_LOC_STRINGS = NO;
				SWIFT_VERSION = 5.0;
				TARGETED_DEVICE_FAMILY = "1,2";
				TEST_TARGET_NAME = ZeneFit;
			};
			name = Debug;
		};
		B5F6248E2AC2F6A1002A1896 /* Release */ = {
			isa = XCBuildConfiguration;
			buildSettings = {
				ALWAYS_EMBED_SWIFT_STANDARD_LIBRARIES = YES;
				CODE_SIGN_STYLE = Automatic;
				CURRENT_PROJECT_VERSION = 1;
				DEVELOPMENT_TEAM = BY6YWX5BM8;
				GENERATE_INFOPLIST_FILE = YES;
				MARKETING_VERSION = 1.0;
				PRODUCT_BUNDLE_IDENTIFIER = iosdev.sw.ZeneFitUITests;
				PRODUCT_NAME = "$(TARGET_NAME)";
				SWIFT_EMIT_LOC_STRINGS = NO;
				SWIFT_VERSION = 5.0;
				TARGETED_DEVICE_FAMILY = "1,2";
				TEST_TARGET_NAME = ZeneFit;
			};
			name = Release;
		};
/* End XCBuildConfiguration section */

/* Begin XCConfigurationList section */
		B5F624572AC2F6A0002A1896 /* Build configuration list for PBXProject "ZeneFit" */ = {
			isa = XCConfigurationList;
			buildConfigurations = (
				B5F624842AC2F6A1002A1896 /* Debug */,
				B5F624852AC2F6A1002A1896 /* Release */,
			);
			defaultConfigurationIsVisible = 0;
			defaultConfigurationName = Release;
		};
		B5F624862AC2F6A1002A1896 /* Build configuration list for PBXNativeTarget "ZeneFit" */ = {
			isa = XCConfigurationList;
			buildConfigurations = (
				B5F624872AC2F6A1002A1896 /* Debug */,
				B5F624882AC2F6A1002A1896 /* Release */,
			);
			defaultConfigurationIsVisible = 0;
			defaultConfigurationName = Release;
		};
		B5F624892AC2F6A1002A1896 /* Build configuration list for PBXNativeTarget "ZeneFitTests" */ = {
			isa = XCConfigurationList;
			buildConfigurations = (
				B5F6248A2AC2F6A1002A1896 /* Debug */,
				B5F6248B2AC2F6A1002A1896 /* Release */,
			);
			defaultConfigurationIsVisible = 0;
			defaultConfigurationName = Release;
		};
		B5F6248C2AC2F6A1002A1896 /* Build configuration list for PBXNativeTarget "ZeneFitUITests" */ = {
			isa = XCConfigurationList;
			buildConfigurations = (
				B5F6248D2AC2F6A1002A1896 /* Debug */,
				B5F6248E2AC2F6A1002A1896 /* Release */,
			);
			defaultConfigurationIsVisible = 0;
			defaultConfigurationName = Release;
		};
/* End XCConfigurationList section */

/* Begin XCRemoteSwiftPackageReference section */
		B5F624A82AC33AB3002A1896 /* XCRemoteSwiftPackageReference "SnapKit" */ = {
			isa = XCRemoteSwiftPackageReference;
			repositoryURL = "https://github.com/SnapKit/SnapKit";
			requirement = {
				kind = upToNextMajorVersion;
				minimumVersion = 5.0.0;
			};
		};
		B5F624AB2AC33AFD002A1896 /* XCRemoteSwiftPackageReference "Then" */ = {
			isa = XCRemoteSwiftPackageReference;
			repositoryURL = "https://github.com/devxoul/Then";
			requirement = {
				kind = upToNextMajorVersion;
				minimumVersion = 3.0.0;
			};
		};
		B5F624AE2AC33B8A002A1896 /* XCRemoteSwiftPackageReference "kakao-ios-sdk" */ = {
			isa = XCRemoteSwiftPackageReference;
			repositoryURL = "https://github.com/kakao/kakao-ios-sdk";
			requirement = {
				kind = upToNextMajorVersion;
				minimumVersion = 2.0.0;
			};
		};
		B5F624B52AC33CF8002A1896 /* XCRemoteSwiftPackageReference "firebase-ios-sdk" */ = {
			isa = XCRemoteSwiftPackageReference;
			repositoryURL = "https://github.com/firebase/firebase-ios-sdk.git";
			requirement = {
				kind = upToNextMajorVersion;
				minimumVersion = 10.0.0;
			};
		};
/* End XCRemoteSwiftPackageReference section */

/* Begin XCSwiftPackageProductDependency section */
		B5F624A92AC33AB3002A1896 /* SnapKit */ = {
			isa = XCSwiftPackageProductDependency;
			package = B5F624A82AC33AB3002A1896 /* XCRemoteSwiftPackageReference "SnapKit" */;
			productName = SnapKit;
		};
		B5F624AC2AC33AFD002A1896 /* Then */ = {
			isa = XCSwiftPackageProductDependency;
			package = B5F624AB2AC33AFD002A1896 /* XCRemoteSwiftPackageReference "Then" */;
			productName = Then;
		};
		B5F624AF2AC33B8A002A1896 /* KakaoSDKAuth */ = {
			isa = XCSwiftPackageProductDependency;
			package = B5F624AE2AC33B8A002A1896 /* XCRemoteSwiftPackageReference "kakao-ios-sdk" */;
			productName = KakaoSDKAuth;
		};
		B5F624B12AC33B8A002A1896 /* KakaoSDKCommon */ = {
			isa = XCSwiftPackageProductDependency;
			package = B5F624AE2AC33B8A002A1896 /* XCRemoteSwiftPackageReference "kakao-ios-sdk" */;
			productName = KakaoSDKCommon;
		};
		B5F624B32AC33B8A002A1896 /* KakaoSDKUser */ = {
			isa = XCSwiftPackageProductDependency;
			package = B5F624AE2AC33B8A002A1896 /* XCRemoteSwiftPackageReference "kakao-ios-sdk" */;
			productName = KakaoSDKUser;
		};
		B5F624B62AC33CF8002A1896 /* FirebaseAnalytics */ = {
			isa = XCSwiftPackageProductDependency;
			package = B5F624B52AC33CF8002A1896 /* XCRemoteSwiftPackageReference "firebase-ios-sdk" */;
			productName = FirebaseAnalytics;
		};
		B5F624B82AC33CF8002A1896 /* FirebaseCrashlytics */ = {
			isa = XCSwiftPackageProductDependency;
			package = B5F624B52AC33CF8002A1896 /* XCRemoteSwiftPackageReference "firebase-ios-sdk" */;
			productName = FirebaseCrashlytics;
		};
		B5F624BA2AC33CF8002A1896 /* FirebaseMessaging */ = {
			isa = XCSwiftPackageProductDependency;
			package = B5F624B52AC33CF8002A1896 /* XCRemoteSwiftPackageReference "firebase-ios-sdk" */;
			productName = FirebaseMessaging;
		};
/* End XCSwiftPackageProductDependency section */
	};
	rootObject = B5F624542AC2F6A0002A1896 /* Project object */;
}
