// !$*UTF8*$!
{
	archiveVersion = 1;
	classes = {
	};
	objectVersion = 56;
	objects = {

/* Begin PBXBuildFile section */
		B5F624602AC2F6A0002A1896 /* AppDelegate.swift in Sources */ = {isa = PBXBuildFile; fileRef = B5F6245F2AC2F6A0002A1896 /* AppDelegate.swift */; };
		B5F624622AC2F6A0002A1896 /* SceneDelegate.swift in Sources */ = {isa = PBXBuildFile; fileRef = B5F624612AC2F6A0002A1896 /* SceneDelegate.swift */; };
		B5F624642AC2F6A0002A1896 /* ViewController.swift in Sources */ = {isa = PBXBuildFile; fileRef = B5F624632AC2F6A0002A1896 /* ViewController.swift */; };
		B5F624672AC2F6A0002A1896 /* Main.storyboard in Resources */ = {isa = PBXBuildFile; fileRef = B5F624652AC2F6A0002A1896 /* Main.storyboard */; };
		B5F624692AC2F6A1002A1896 /* Assets.xcassets in Resources */ = {isa = PBXBuildFile; fileRef = B5F624682AC2F6A1002A1896 /* Assets.xcassets */; };
		B5F6246C2AC2F6A1002A1896 /* LaunchScreen.storyboard in Resources */ = {isa = PBXBuildFile; fileRef = B5F6246A2AC2F6A1002A1896 /* LaunchScreen.storyboard */; };
		B5F624772AC2F6A1002A1896 /* ZeneFitTests.swift in Sources */ = {isa = PBXBuildFile; fileRef = B5F624762AC2F6A1002A1896 /* ZeneFitTests.swift */; };
		B5F624812AC2F6A1002A1896 /* ZeneFitUITests.swift in Sources */ = {isa = PBXBuildFile; fileRef = B5F624802AC2F6A1002A1896 /* ZeneFitUITests.swift */; };
		B5F624832AC2F6A1002A1896 /* ZeneFitUITestsLaunchTests.swift in Sources */ = {isa = PBXBuildFile; fileRef = B5F624822AC2F6A1002A1896 /* ZeneFitUITestsLaunchTests.swift */; };
/* End PBXBuildFile section */

/* Begin PBXContainerItemProxy section */
		B5F624732AC2F6A1002A1896 /* PBXContainerItemProxy */ = {
			isa = PBXContainerItemProxy;
			containerPortal = B5F624542AC2F6A0002A1896 /* Project object */;
			proxyType = 1;
			remoteGlobalIDString = B5F6245B2AC2F6A0002A1896;
			remoteInfo = ZeneFit;
		};
		B5F6247D2AC2F6A1002A1896 /* PBXContainerItemProxy */ = {
			isa = PBXContainerItemProxy;
			containerPortal = B5F624542AC2F6A0002A1896 /* Project object */;
			proxyType = 1;
			remoteGlobalIDString = B5F6245B2AC2F6A0002A1896;
			remoteInfo = ZeneFit;
		};
/* End PBXContainerItemProxy section */

/* Begin PBXFileReference section */
		B5F6245C2AC2F6A0002A1896 /* ZeneFit.app */ = {isa = PBXFileReference; explicitFileType = wrapper.application; includeInIndex = 0; path = ZeneFit.app; sourceTree = BUILT_PRODUCTS_DIR; };
		B5F6245F2AC2F6A0002A1896 /* AppDelegate.swift */ = {isa = PBXFileReference; lastKnownFileType = sourcecode.swift; path = AppDelegate.swift; sourceTree = "<group>"; };
		B5F624612AC2F6A0002A1896 /* SceneDelegate.swift */ = {isa = PBXFileReference; lastKnownFileType = sourcecode.swift; path = SceneDelegate.swift; sourceTree = "<group>"; };
		B5F624632AC2F6A0002A1896 /* ViewController.swift */ = {isa = PBXFileReference; lastKnownFileType = sourcecode.swift; path = ViewController.swift; sourceTree = "<group>"; };
		B5F624662AC2F6A0002A1896 /* Base */ = {isa = PBXFileReference; lastKnownFileType = file.storyboard; name = Base; path = Base.lproj/Main.storyboard; sourceTree = "<group>"; };
		B5F624682AC2F6A1002A1896 /* Assets.xcassets */ = {isa = PBXFileReference; lastKnownFileType = folder.assetcatalog; path = Assets.xcassets; sourceTree = "<group>"; };
		B5F6246B2AC2F6A1002A1896 /* Base */ = {isa = PBXFileReference; lastKnownFileType = file.storyboard; name = Base; path = Base.lproj/LaunchScreen.storyboard; sourceTree = "<group>"; };
		B5F6246D2AC2F6A1002A1896 /* Info.plist */ = {isa = PBXFileReference; lastKnownFileType = text.plist.xml; path = Info.plist; sourceTree = "<group>"; };
		B5F624722AC2F6A1002A1896 /* ZeneFitTests.xctest */ = {isa = PBXFileReference; explicitFileType = wrapper.cfbundle; includeInIndex = 0; path = ZeneFitTests.xctest; sourceTree = BUILT_PRODUCTS_DIR; };
		B5F624762AC2F6A1002A1896 /* ZeneFitTests.swift */ = {isa = PBXFileReference; lastKnownFileType = sourcecode.swift; path = ZeneFitTests.swift; sourceTree = "<group>"; };
		B5F6247C2AC2F6A1002A1896 /* ZeneFitUITests.xctest */ = {isa = PBXFileReference; explicitFileType = wrapper.cfbundle; includeInIndex = 0; path = ZeneFitUITests.xctest; sourceTree = BUILT_PRODUCTS_DIR; };
		B5F624802AC2F6A1002A1896 /* ZeneFitUITests.swift */ = {isa = PBXFileReference; lastKnownFileType = sourcecode.swift; path = ZeneFitUITests.swift; sourceTree = "<group>"; };
		B5F624822AC2F6A1002A1896 /* ZeneFitUITestsLaunchTests.swift */ = {isa = PBXFileReference; lastKnownFileType = sourcecode.swift; path = ZeneFitUITestsLaunchTests.swift; sourceTree = "<group>"; };
/* End PBXFileReference section */

/* Begin PBXFrameworksBuildPhase section */
		B5F624592AC2F6A0002A1896 /* Frameworks */ = {
			isa = PBXFrameworksBuildPhase;
			buildActionMask = 2147483647;
			files = (
			);
			runOnlyForDeploymentPostprocessing = 0;
		};
		B5F6246F2AC2F6A1002A1896 /* Frameworks */ = {
			isa = PBXFrameworksBuildPhase;
			buildActionMask = 2147483647;
			files = (
			);
			runOnlyForDeploymentPostprocessing = 0;
		};
		B5F624792AC2F6A1002A1896 /* Frameworks */ = {
			isa = PBXFrameworksBuildPhase;
			buildActionMask = 2147483647;
			files = (
			);
			runOnlyForDeploymentPostprocessing = 0;
		};
/* End PBXFrameworksBuildPhase section */

/* Begin PBXGroup section */
		B5F624532AC2F6A0002A1896 = {
			isa = PBXGroup;
			children = (
				B5F6245E2AC2F6A0002A1896 /* ZeneFit */,
				B5F624752AC2F6A1002A1896 /* ZeneFitTests */,
				B5F6247F2AC2F6A1002A1896 /* ZeneFitUITests */,
				B5F6245D2AC2F6A0002A1896 /* Products */,
			);
			sourceTree = "<group>";
		};
		B5F6245D2AC2F6A0002A1896 /* Products */ = {
			isa = PBXGroup;
			children = (
				B5F6245C2AC2F6A0002A1896 /* ZeneFit.app */,
				B5F624722AC2F6A1002A1896 /* ZeneFitTests.xctest */,
				B5F6247C2AC2F6A1002A1896 /* ZeneFitUITests.xctest */,
			);
			name = Products;
			sourceTree = "<group>";
		};
		B5F6245E2AC2F6A0002A1896 /* ZeneFit */ = {
			isa = PBXGroup;
			children = (
				B5F6245F2AC2F6A0002A1896 /* AppDelegate.swift */,
				B5F624612AC2F6A0002A1896 /* SceneDelegate.swift */,
				B5F624632AC2F6A0002A1896 /* ViewController.swift */,
				B5F624652AC2F6A0002A1896 /* Main.storyboard */,
				B5F624682AC2F6A1002A1896 /* Assets.xcassets */,
				B5F6246A2AC2F6A1002A1896 /* LaunchScreen.storyboard */,
				B5F6246D2AC2F6A1002A1896 /* Info.plist */,
			);
			path = ZeneFit;
			sourceTree = "<group>";
		};
		B5F624752AC2F6A1002A1896 /* ZeneFitTests */ = {
			isa = PBXGroup;
			children = (
				B5F624762AC2F6A1002A1896 /* ZeneFitTests.swift */,
			);
			path = ZeneFitTests;
			sourceTree = "<group>";
		};
		B5F6247F2AC2F6A1002A1896 /* ZeneFitUITests */ = {
			isa = PBXGroup;
			children = (
				B5F624802AC2F6A1002A1896 /* ZeneFitUITests.swift */,
				B5F624822AC2F6A1002A1896 /* ZeneFitUITestsLaunchTests.swift */,
			);
			path = ZeneFitUITests;
			sourceTree = "<group>";
		};
/* End PBXGroup section */

/* Begin PBXNativeTarget section */
		B5F6245B2AC2F6A0002A1896 /* ZeneFit */ = {
			isa = PBXNativeTarget;
			buildConfigurationList = B5F624862AC2F6A1002A1896 /* Build configuration list for PBXNativeTarget "ZeneFit" */;
			buildPhases = (
				B5F624582AC2F6A0002A1896 /* Sources */,
				B5F624592AC2F6A0002A1896 /* Frameworks */,
				B5F6245A2AC2F6A0002A1896 /* Resources */,
			);
			buildRules = (
			);
			dependencies = (
			);
			name = ZeneFit;
			productName = ZeneFit;
			productReference = B5F6245C2AC2F6A0002A1896 /* ZeneFit.app */;
			productType = "com.apple.product-type.application";
		};
		B5F624712AC2F6A1002A1896 /* ZeneFitTests */ = {
			isa = PBXNativeTarget;
			buildConfigurationList = B5F624892AC2F6A1002A1896 /* Build configuration list for PBXNativeTarget "ZeneFitTests" */;
			buildPhases = (
				B5F6246E2AC2F6A1002A1896 /* Sources */,
				B5F6246F2AC2F6A1002A1896 /* Frameworks */,
				B5F624702AC2F6A1002A1896 /* Resources */,
			);
			buildRules = (
			);
			dependencies = (
				B5F624742AC2F6A1002A1896 /* PBXTargetDependency */,
			);
			name = ZeneFitTests;
			productName = ZeneFitTests;
			productReference = B5F624722AC2F6A1002A1896 /* ZeneFitTests.xctest */;
			productType = "com.apple.product-type.bundle.unit-test";
		};
		B5F6247B2AC2F6A1002A1896 /* ZeneFitUITests */ = {
			isa = PBXNativeTarget;
			buildConfigurationList = B5F6248C2AC2F6A1002A1896 /* Build configuration list for PBXNativeTarget "ZeneFitUITests" */;
			buildPhases = (
				B5F624782AC2F6A1002A1896 /* Sources */,
				B5F624792AC2F6A1002A1896 /* Frameworks */,
				B5F6247A2AC2F6A1002A1896 /* Resources */,
			);
			buildRules = (
			);
			dependencies = (
				B5F6247E2AC2F6A1002A1896 /* PBXTargetDependency */,
			);
			name = ZeneFitUITests;
			productName = ZeneFitUITests;
			productReference = B5F6247C2AC2F6A1002A1896 /* ZeneFitUITests.xctest */;
			productType = "com.apple.product-type.bundle.ui-testing";
		};
/* End PBXNativeTarget section */

/* Begin PBXProject section */
		B5F624542AC2F6A0002A1896 /* Project object */ = {
			isa = PBXProject;
			attributes = {
				BuildIndependentTargetsInParallel = 1;
				LastSwiftUpdateCheck = 1430;
				LastUpgradeCheck = 1430;
				TargetAttributes = {
					B5F6245B2AC2F6A0002A1896 = {
						CreatedOnToolsVersion = 14.3.1;
					};
					B5F624712AC2F6A1002A1896 = {
						CreatedOnToolsVersion = 14.3.1;
						TestTargetID = B5F6245B2AC2F6A0002A1896;
					};
					B5F6247B2AC2F6A1002A1896 = {
						CreatedOnToolsVersion = 14.3.1;
						TestTargetID = B5F6245B2AC2F6A0002A1896;
					};
				};
			};
			buildConfigurationList = B5F624572AC2F6A0002A1896 /* Build configuration list for PBXProject "ZeneFit" */;
			compatibilityVersion = "Xcode 14.0";
			developmentRegion = en;
			hasScannedForEncodings = 0;
			knownRegions = (
				en,
				Base,
			);
			mainGroup = B5F624532AC2F6A0002A1896;
			productRefGroup = B5F6245D2AC2F6A0002A1896 /* Products */;
			projectDirPath = "";
			projectRoot = "";
			targets = (
				B5F6245B2AC2F6A0002A1896 /* ZeneFit */,
				B5F624712AC2F6A1002A1896 /* ZeneFitTests */,
				B5F6247B2AC2F6A1002A1896 /* ZeneFitUITests */,
			);
		};
/* End PBXProject section */

/* Begin PBXResourcesBuildPhase section */
		B5F6245A2AC2F6A0002A1896 /* Resources */ = {
			isa = PBXResourcesBuildPhase;
			buildActionMask = 2147483647;
			files = (
				B5F6246C2AC2F6A1002A1896 /* LaunchScreen.storyboard in Resources */,
				B5F624692AC2F6A1002A1896 /* Assets.xcassets in Resources */,
				B5F624672AC2F6A0002A1896 /* Main.storyboard in Resources */,
			);
			runOnlyForDeploymentPostprocessing = 0;
		};
		B5F624702AC2F6A1002A1896 /* Resources */ = {
			isa = PBXResourcesBuildPhase;
			buildActionMask = 2147483647;
			files = (
			);
			runOnlyForDeploymentPostprocessing = 0;
		};
		B5F6247A2AC2F6A1002A1896 /* Resources */ = {
			isa = PBXResourcesBuildPhase;
			buildActionMask = 2147483647;
			files = (
			);
			runOnlyForDeploymentPostprocessing = 0;
		};
/* End PBXResourcesBuildPhase section */

/* Begin PBXSourcesBuildPhase section */
		B5F624582AC2F6A0002A1896 /* Sources */ = {
			isa = PBXSourcesBuildPhase;
			buildActionMask = 2147483647;
			files = (
				B5F624642AC2F6A0002A1896 /* ViewController.swift in Sources */,
				B5F624602AC2F6A0002A1896 /* AppDelegate.swift in Sources */,
				B5F624622AC2F6A0002A1896 /* SceneDelegate.swift in Sources */,
			);
			runOnlyForDeploymentPostprocessing = 0;
		};
		B5F6246E2AC2F6A1002A1896 /* Sources */ = {
			isa = PBXSourcesBuildPhase;
			buildActionMask = 2147483647;
			files = (
				B5F624772AC2F6A1002A1896 /* ZeneFitTests.swift in Sources */,
			);
			runOnlyForDeploymentPostprocessing = 0;
		};
		B5F624782AC2F6A1002A1896 /* Sources */ = {
			isa = PBXSourcesBuildPhase;
			buildActionMask = 2147483647;
			files = (
				B5F624832AC2F6A1002A1896 /* ZeneFitUITestsLaunchTests.swift in Sources */,
				B5F624812AC2F6A1002A1896 /* ZeneFitUITests.swift in Sources */,
			);
			runOnlyForDeploymentPostprocessing = 0;
		};
/* End PBXSourcesBuildPhase section */

/* Begin PBXTargetDependency section */
		B5F624742AC2F6A1002A1896 /* PBXTargetDependency */ = {
			isa = PBXTargetDependency;
			target = B5F6245B2AC2F6A0002A1896 /* ZeneFit */;
			targetProxy = B5F624732AC2F6A1002A1896 /* PBXContainerItemProxy */;
		};
		B5F6247E2AC2F6A1002A1896 /* PBXTargetDependency */ = {
			isa = PBXTargetDependency;
			target = B5F6245B2AC2F6A0002A1896 /* ZeneFit */;
			targetProxy = B5F6247D2AC2F6A1002A1896 /* PBXContainerItemProxy */;
		};
/* End PBXTargetDependency section */

/* Begin PBXVariantGroup section */
		B5F624652AC2F6A0002A1896 /* Main.storyboard */ = {
			isa = PBXVariantGroup;
			children = (
				B5F624662AC2F6A0002A1896 /* Base */,
			);
			name = Main.storyboard;
			sourceTree = "<group>";
		};
		B5F6246A2AC2F6A1002A1896 /* LaunchScreen.storyboard */ = {
			isa = PBXVariantGroup;
			children = (
				B5F6246B2AC2F6A1002A1896 /* Base */,
			);
			name = LaunchScreen.storyboard;
			sourceTree = "<group>";
		};
/* End PBXVariantGroup section */

/* Begin XCBuildConfiguration section */
		B5F624842AC2F6A1002A1896 /* Debug */ = {
			isa = XCBuildConfiguration;
			buildSettings = {
				ALWAYS_SEARCH_USER_PATHS = NO;
				CLANG_ANALYZER_NONNULL = YES;
				CLANG_ANALYZER_NUMBER_OBJECT_CONVERSION = YES_AGGRESSIVE;
				CLANG_CXX_LANGUAGE_STANDARD = "gnu++20";
				CLANG_ENABLE_MODULES = YES;
				CLANG_ENABLE_OBJC_ARC = YES;
				CLANG_ENABLE_OBJC_WEAK = YES;
				CLANG_WARN_BLOCK_CAPTURE_AUTORELEASING = YES;
				CLANG_WARN_BOOL_CONVERSION = YES;
				CLANG_WARN_COMMA = YES;
				CLANG_WARN_CONSTANT_CONVERSION = YES;
				CLANG_WARN_DEPRECATED_OBJC_IMPLEMENTATIONS = YES;
				CLANG_WARN_DIRECT_OBJC_ISA_USAGE = YES_ERROR;
				CLANG_WARN_DOCUMENTATION_COMMENTS = YES;
				CLANG_WARN_EMPTY_BODY = YES;
				CLANG_WARN_ENUM_CONVERSION = YES;
				CLANG_WARN_INFINITE_RECURSION = YES;
				CLANG_WARN_INT_CONVERSION = YES;
				CLANG_WARN_NON_LITERAL_NULL_CONVERSION = YES;
				CLANG_WARN_OBJC_IMPLICIT_RETAIN_SELF = YES;
				CLANG_WARN_OBJC_LITERAL_CONVERSION = YES;
				CLANG_WARN_OBJC_ROOT_CLASS = YES_ERROR;
				CLANG_WARN_QUOTED_INCLUDE_IN_FRAMEWORK_HEADER = YES;
				CLANG_WARN_RANGE_LOOP_ANALYSIS = YES;
				CLANG_WARN_STRICT_PROTOTYPES = YES;
				CLANG_WARN_SUSPICIOUS_MOVE = YES;
				CLANG_WARN_UNGUARDED_AVAILABILITY = YES_AGGRESSIVE;
				CLANG_WARN_UNREACHABLE_CODE = YES;
				CLANG_WARN__DUPLICATE_METHOD_MATCH = YES;
				COPY_PHASE_STRIP = NO;
				DEBUG_INFORMATION_FORMAT = dwarf;
				ENABLE_STRICT_OBJC_MSGSEND = YES;
				ENABLE_TESTABILITY = YES;
				GCC_C_LANGUAGE_STANDARD = gnu11;
				GCC_DYNAMIC_NO_PIC = NO;
				GCC_NO_COMMON_BLOCKS = YES;
				GCC_OPTIMIZATION_LEVEL = 0;
				GCC_PREPROCESSOR_DEFINITIONS = (
					"DEBUG=1",
					"$(inherited)",
				);
				GCC_WARN_64_TO_32_BIT_CONVERSION = YES;
				GCC_WARN_ABOUT_RETURN_TYPE = YES_ERROR;
				GCC_WARN_UNDECLARED_SELECTOR = YES;
				GCC_WARN_UNINITIALIZED_AUTOS = YES_AGGRESSIVE;
				GCC_WARN_UNUSED_FUNCTION = YES;
				GCC_WARN_UNUSED_VARIABLE = YES;
				IPHONEOS_DEPLOYMENT_TARGET = 16.4;
				MTL_ENABLE_DEBUG_INFO = INCLUDE_SOURCE;
				MTL_FAST_MATH = YES;
				ONLY_ACTIVE_ARCH = YES;
				SDKROOT = iphoneos;
				SWIFT_ACTIVE_COMPILATION_CONDITIONS = DEBUG;
				SWIFT_OPTIMIZATION_LEVEL = "-Onone";
			};
			name = Debug;
		};
		B5F624852AC2F6A1002A1896 /* Release */ = {
			isa = XCBuildConfiguration;
			buildSettings = {
				ALWAYS_SEARCH_USER_PATHS = NO;
				CLANG_ANALYZER_NONNULL = YES;
				CLANG_ANALYZER_NUMBER_OBJECT_CONVERSION = YES_AGGRESSIVE;
				CLANG_CXX_LANGUAGE_STANDARD = "gnu++20";
				CLANG_ENABLE_MODULES = YES;
				CLANG_ENABLE_OBJC_ARC = YES;
				CLANG_ENABLE_OBJC_WEAK = YES;
				CLANG_WARN_BLOCK_CAPTURE_AUTORELEASING = YES;
				CLANG_WARN_BOOL_CONVERSION = YES;
				CLANG_WARN_COMMA = YES;
				CLANG_WARN_CONSTANT_CONVERSION = YES;
				CLANG_WARN_DEPRECATED_OBJC_IMPLEMENTATIONS = YES;
				CLANG_WARN_DIRECT_OBJC_ISA_USAGE = YES_ERROR;
				CLANG_WARN_DOCUMENTATION_COMMENTS = YES;
				CLANG_WARN_EMPTY_BODY = YES;
				CLANG_WARN_ENUM_CONVERSION = YES;
				CLANG_WARN_INFINITE_RECURSION = YES;
				CLANG_WARN_INT_CONVERSION = YES;
				CLANG_WARN_NON_LITERAL_NULL_CONVERSION = YES;
				CLANG_WARN_OBJC_IMPLICIT_RETAIN_SELF = YES;
				CLANG_WARN_OBJC_LITERAL_CONVERSION = YES;
				CLANG_WARN_OBJC_ROOT_CLASS = YES_ERROR;
				CLANG_WARN_QUOTED_INCLUDE_IN_FRAMEWORK_HEADER = YES;
				CLANG_WARN_RANGE_LOOP_ANALYSIS = YES;
				CLANG_WARN_STRICT_PROTOTYPES = YES;
				CLANG_WARN_SUSPICIOUS_MOVE = YES;
				CLANG_WARN_UNGUARDED_AVAILABILITY = YES_AGGRESSIVE;
				CLANG_WARN_UNREACHABLE_CODE = YES;
				CLANG_WARN__DUPLICATE_METHOD_MATCH = YES;
				COPY_PHASE_STRIP = NO;
				DEBUG_INFORMATION_FORMAT = "dwarf-with-dsym";
				ENABLE_NS_ASSERTIONS = NO;
				ENABLE_STRICT_OBJC_MSGSEND = YES;
				GCC_C_LANGUAGE_STANDARD = gnu11;
				GCC_NO_COMMON_BLOCKS = YES;
				GCC_WARN_64_TO_32_BIT_CONVERSION = YES;
				GCC_WARN_ABOUT_RETURN_TYPE = YES_ERROR;
				GCC_WARN_UNDECLARED_SELECTOR = YES;
				GCC_WARN_UNINITIALIZED_AUTOS = YES_AGGRESSIVE;
				GCC_WARN_UNUSED_FUNCTION = YES;
				GCC_WARN_UNUSED_VARIABLE = YES;
				IPHONEOS_DEPLOYMENT_TARGET = 16.4;
				MTL_ENABLE_DEBUG_INFO = NO;
				MTL_FAST_MATH = YES;
				SDKROOT = iphoneos;
				SWIFT_COMPILATION_MODE = wholemodule;
				SWIFT_OPTIMIZATION_LEVEL = "-O";
				VALIDATE_PRODUCT = YES;
			};
			name = Release;
		};
		B5F624872AC2F6A1002A1896 /* Debug */ = {
			isa = XCBuildConfiguration;
			buildSettings = {
				ASSETCATALOG_COMPILER_APPICON_NAME = AppIcon;
				ASSETCATALOG_COMPILER_GLOBAL_ACCENT_COLOR_NAME = AccentColor;
				CODE_SIGN_STYLE = Automatic;
				CURRENT_PROJECT_VERSION = 1;
				DEVELOPMENT_TEAM = BY6YWX5BM8;
				GENERATE_INFOPLIST_FILE = YES;
				INFOPLIST_FILE = ZeneFit/Info.plist;
				INFOPLIST_KEY_UIApplicationSupportsIndirectInputEvents = YES;
				INFOPLIST_KEY_UILaunchStoryboardName = LaunchScreen;
				INFOPLIST_KEY_UIMainStoryboardFile = Main;
				INFOPLIST_KEY_UISupportedInterfaceOrientations_iPad = "UIInterfaceOrientationPortrait UIInterfaceOrientationPortraitUpsideDown UIInterfaceOrientationLandscapeLeft UIInterfaceOrientationLandscapeRight";
				INFOPLIST_KEY_UISupportedInterfaceOrientations_iPhone = "UIInterfaceOrientationPortrait UIInterfaceOrientationLandscapeLeft UIInterfaceOrientationLandscapeRight";
				LD_RUNPATH_SEARCH_PATHS = (
					"$(inherited)",
					"@executable_path/Frameworks",
				);
				MARKETING_VERSION = 1.0;
				PRODUCT_BUNDLE_IDENTIFIER = iosdev.sw.ZeneFit;
				PRODUCT_NAME = "$(TARGET_NAME)";
				SWIFT_EMIT_LOC_STRINGS = YES;
				SWIFT_VERSION = 5.0;
				TARGETED_DEVICE_FAMILY = "1,2";
			};
			name = Debug;
		};
		B5F624882AC2F6A1002A1896 /* Release */ = {
			isa = XCBuildConfiguration;
			buildSettings = {
				ASSETCATALOG_COMPILER_APPICON_NAME = AppIcon;
				ASSETCATALOG_COMPILER_GLOBAL_ACCENT_COLOR_NAME = AccentColor;
				CODE_SIGN_STYLE = Automatic;
				CURRENT_PROJECT_VERSION = 1;
				DEVELOPMENT_TEAM = BY6YWX5BM8;
				GENERATE_INFOPLIST_FILE = YES;
				INFOPLIST_FILE = ZeneFit/Info.plist;
				INFOPLIST_KEY_UIApplicationSupportsIndirectInputEvents = YES;
				INFOPLIST_KEY_UILaunchStoryboardName = LaunchScreen;
				INFOPLIST_KEY_UIMainStoryboardFile = Main;
				INFOPLIST_KEY_UISupportedInterfaceOrientations_iPad = "UIInterfaceOrientationPortrait UIInterfaceOrientationPortraitUpsideDown UIInterfaceOrientationLandscapeLeft UIInterfaceOrientationLandscapeRight";
				INFOPLIST_KEY_UISupportedInterfaceOrientations_iPhone = "UIInterfaceOrientationPortrait UIInterfaceOrientationLandscapeLeft UIInterfaceOrientationLandscapeRight";
				LD_RUNPATH_SEARCH_PATHS = (
					"$(inherited)",
					"@executable_path/Frameworks",
				);
				MARKETING_VERSION = 1.0;
				PRODUCT_BUNDLE_IDENTIFIER = iosdev.sw.ZeneFit;
				PRODUCT_NAME = "$(TARGET_NAME)";
				SWIFT_EMIT_LOC_STRINGS = YES;
				SWIFT_VERSION = 5.0;
				TARGETED_DEVICE_FAMILY = "1,2";
			};
			name = Release;
		};
		B5F6248A2AC2F6A1002A1896 /* Debug */ = {
			isa = XCBuildConfiguration;
			buildSettings = {
				ALWAYS_EMBED_SWIFT_STANDARD_LIBRARIES = YES;
				BUNDLE_LOADER = "$(TEST_HOST)";
				CODE_SIGN_STYLE = Automatic;
				CURRENT_PROJECT_VERSION = 1;
				DEVELOPMENT_TEAM = BY6YWX5BM8;
				GENERATE_INFOPLIST_FILE = YES;
				IPHONEOS_DEPLOYMENT_TARGET = 16.4;
				MARKETING_VERSION = 1.0;
				PRODUCT_BUNDLE_IDENTIFIER = iosdev.sw.ZeneFitTests;
				PRODUCT_NAME = "$(TARGET_NAME)";
				SWIFT_EMIT_LOC_STRINGS = NO;
				SWIFT_VERSION = 5.0;
				TARGETED_DEVICE_FAMILY = "1,2";
				TEST_HOST = "$(BUILT_PRODUCTS_DIR)/ZeneFit.app/$(BUNDLE_EXECUTABLE_FOLDER_PATH)/ZeneFit";
			};
			name = Debug;
		};
		B5F6248B2AC2F6A1002A1896 /* Release */ = {
			isa = XCBuildConfiguration;
			buildSettings = {
				ALWAYS_EMBED_SWIFT_STANDARD_LIBRARIES = YES;
				BUNDLE_LOADER = "$(TEST_HOST)";
				CODE_SIGN_STYLE = Automatic;
				CURRENT_PROJECT_VERSION = 1;
				DEVELOPMENT_TEAM = BY6YWX5BM8;
				GENERATE_INFOPLIST_FILE = YES;
				IPHONEOS_DEPLOYMENT_TARGET = 16.4;
				MARKETING_VERSION = 1.0;
				PRODUCT_BUNDLE_IDENTIFIER = iosdev.sw.ZeneFitTests;
				PRODUCT_NAME = "$(TARGET_NAME)";
				SWIFT_EMIT_LOC_STRINGS = NO;
				SWIFT_VERSION = 5.0;
				TARGETED_DEVICE_FAMILY = "1,2";
				TEST_HOST = "$(BUILT_PRODUCTS_DIR)/ZeneFit.app/$(BUNDLE_EXECUTABLE_FOLDER_PATH)/ZeneFit";
			};
			name = Release;
		};
		B5F6248D2AC2F6A1002A1896 /* Debug */ = {
			isa = XCBuildConfiguration;
			buildSettings = {
				ALWAYS_EMBED_SWIFT_STANDARD_LIBRARIES = YES;
				CODE_SIGN_STYLE = Automatic;
				CURRENT_PROJECT_VERSION = 1;
				DEVELOPMENT_TEAM = BY6YWX5BM8;
				GENERATE_INFOPLIST_FILE = YES;
				MARKETING_VERSION = 1.0;
				PRODUCT_BUNDLE_IDENTIFIER = iosdev.sw.ZeneFitUITests;
				PRODUCT_NAME = "$(TARGET_NAME)";
				SWIFT_EMIT_LOC_STRINGS = NO;
				SWIFT_VERSION = 5.0;
				TARGETED_DEVICE_FAMILY = "1,2";
				TEST_TARGET_NAME = ZeneFit;
			};
			name = Debug;
		};
		B5F6248E2AC2F6A1002A1896 /* Release */ = {
			isa = XCBuildConfiguration;
			buildSettings = {
				ALWAYS_EMBED_SWIFT_STANDARD_LIBRARIES = YES;
				CODE_SIGN_STYLE = Automatic;
				CURRENT_PROJECT_VERSION = 1;
				DEVELOPMENT_TEAM = BY6YWX5BM8;
				GENERATE_INFOPLIST_FILE = YES;
				MARKETING_VERSION = 1.0;
				PRODUCT_BUNDLE_IDENTIFIER = iosdev.sw.ZeneFitUITests;
				PRODUCT_NAME = "$(TARGET_NAME)";
				SWIFT_EMIT_LOC_STRINGS = NO;
				SWIFT_VERSION = 5.0;
				TARGETED_DEVICE_FAMILY = "1,2";
				TEST_TARGET_NAME = ZeneFit;
			};
			name = Release;
		};
/* End XCBuildConfiguration section */

/* Begin XCConfigurationList section */
		B5F624572AC2F6A0002A1896 /* Build configuration list for PBXProject "ZeneFit" */ = {
			isa = XCConfigurationList;
			buildConfigurations = (
				B5F624842AC2F6A1002A1896 /* Debug */,
				B5F624852AC2F6A1002A1896 /* Release */,
			);
			defaultConfigurationIsVisible = 0;
			defaultConfigurationName = Release;
		};
		B5F624862AC2F6A1002A1896 /* Build configuration list for PBXNativeTarget "ZeneFit" */ = {
			isa = XCConfigurationList;
			buildConfigurations = (
				B5F624872AC2F6A1002A1896 /* Debug */,
				B5F624882AC2F6A1002A1896 /* Release */,
			);
			defaultConfigurationIsVisible = 0;
			defaultConfigurationName = Release;
		};
		B5F624892AC2F6A1002A1896 /* Build configuration list for PBXNativeTarget "ZeneFitTests" */ = {
			isa = XCConfigurationList;
			buildConfigurations = (
				B5F6248A2AC2F6A1002A1896 /* Debug */,
				B5F6248B2AC2F6A1002A1896 /* Release */,
			);
			defaultConfigurationIsVisible = 0;
			defaultConfigurationName = Release;
		};
		B5F6248C2AC2F6A1002A1896 /* Build configuration list for PBXNativeTarget "ZeneFitUITests" */ = {
			isa = XCConfigurationList;
			buildConfigurations = (
				B5F6248D2AC2F6A1002A1896 /* Debug */,
				B5F6248E2AC2F6A1002A1896 /* Release */,
			);
			defaultConfigurationIsVisible = 0;
			defaultConfigurationName = Release;
		};
/* End XCConfigurationList section */
	};
	rootObject = B5F624542AC2F6A0002A1896 /* Project object */;
}
